# This file is autogenerated, do not edit; changes may be undone by the next 'dep ensure'.


[[projects]]
  name = "cloud.google.com/go"
  packages = ["compute/metadata"]
  revision = "050b16d2314d5fc3d4c9a51e4cd5c7468e77f162"
  version = "v0.17.0"

[[projects]]
  name = "github.com/Skarlso/go-furnace"
  packages = [
    "config",
    "handle"
  ]
  revision = "424304dbda3604093fc9dd504821d60bbea8fbc2"
  version = "v2.1.2"

[[projects]]
  name = "github.com/Yitsushi/go-commander"
  packages = ["."]
  revision = "e43a82dbcf4f82eb2e3c340ddbe9f5a249112715"
  version = "2.1.0"

[[projects]]
  name = "github.com/fatih/color"
  packages = ["."]
  revision = "570b54cabe6b8eb0bc2dfce68d964677d63b5260"
  version = "v1.5.0"

[[projects]]
  branch = "master"
  name = "github.com/golang/protobuf"
  packages = ["proto"]
  revision = "1e59b77b52bf8e4b449a57e6f79f21226d571845"

[[projects]]
  branch = "master"
  name = "github.com/kardianos/osext"
  packages = ["."]
  revision = "ae77be60afb1dcacde03767a8c37337fad28ac14"

[[projects]]
  name = "github.com/mattn/go-colorable"
  packages = ["."]
  revision = "167de6bfdfba052fa6b2d3664c8f5272e23c9072"
  version = "v0.0.9"

[[projects]]
  name = "github.com/mattn/go-isatty"
  packages = ["."]
  revision = "0360b2af4f38e8d38c7fce2a9f4e702702d73a39"
  version = "v0.0.3"

[[projects]]
  branch = "master"
  name = "golang.org/x/net"
  packages = [
    "context",
    "context/ctxhttp"
  ]
  revision = "5ccada7d0a7ba9aeb5d3aca8d3501b4c2a509fec"

[[projects]]
  branch = "master"
  name = "golang.org/x/oauth2"
  packages = [
    ".",
    "google",
    "internal",
    "jws",
    "jwt"
  ]
  revision = "30785a2c434e431ef7c507b54617d6a951d5f2b4"

[[projects]]
  branch = "master"
  name = "golang.org/x/sys"
  packages = ["unix"]
  revision = "810d7000345868fc619eb81f46307107118f4ae1"

[[projects]]
  branch = "master"
  name = "google.golang.org/api"
  packages = [
    "deploymentmanager/v2",
    "gensupport",
    "googleapi",
    "googleapi/internal/uritemplates"
  ]
  revision = "37df4fabefb044819e927f44b8487d4cd926d06c"

[[projects]]
  name = "google.golang.org/appengine"
  packages = [
    ".",
    "internal",
    "internal/app_identity",
    "internal/base",
    "internal/datastore",
    "internal/log",
    "internal/modules",
    "internal/remote_api",
    "internal/urlfetch",
    "urlfetch"
  ]
  revision = "150dc57a1b433e64154302bdc40b6bb8aefa313a"
  version = "v1.0.0"

[[projects]]
  branch = "v1"
  name = "gopkg.in/yaml.v1"
  packages = ["."]
  revision = "9f9df34309c04878acc86042b16630b0f696e1de"

[solve-meta]
  analyzer-name = "dep"
  analyzer-version = 1
  inputs-digest = "6d42f0c2321c3ca245ec4309e3f356a20c789b2c40d2b83680a0429534d7c8d6"
  solver-name = "gps-cdcl"
  solver-version = 1
