# This file is autogenerated, do not edit; changes may be undone by the next 'dep ensure'.


[[projects]]
  name = "github.com/Skarlso/go-furnace"
  packages = ["config"]
  revision = "bca692062372707c4fbe06f591a124fb23204a14"
  version = "v2.0.1"

[[projects]]
  name = "github.com/Yitsushi/go-commander"
  packages = ["."]
  revision = "e43a82dbcf4f82eb2e3c340ddbe9f5a249112715"
  version = "2.1.0"

[[projects]]
  name = "github.com/aws/aws-sdk-go-v2"
  packages = ["aws","aws/awserr","aws/defaults","aws/ec2metadata","aws/ec2rolecreds","aws/endpointcreds","aws/endpoints","aws/external","aws/signer/v4","aws/stscreds","internal/awsutil","internal/sdk","private/protocol","private/protocol/json/jsonutil","private/protocol/jsonrpc","private/protocol/query","private/protocol/query/queryutil","private/protocol/rest","private/protocol/xml/xmlutil","service/cloudformation","service/cloudformation/cloudformationiface","service/codedeploy","service/codedeploy/codedeployiface","service/iam","service/iam/iamiface","service/sts"]
  revision = "ac26486d921d336e20fec49e2afb348c801f0003"
  version = "v2.0.0-preview.1"

[[projects]]
  name = "github.com/fatih/color"
  packages = ["."]
  revision = "570b54cabe6b8eb0bc2dfce68d964677d63b5260"
  version = "v1.5.0"

[[projects]]
  name = "github.com/go-ini/ini"
  packages = ["."]
  revision = "32e4c1e6bc4e7d0d8451aa6b75200d19e37a536a"
  version = "v1.32.0"

[[projects]]
  name = "github.com/jmespath/go-jmespath"
  packages = ["."]
  revision = "0b12d6b5"

[[projects]]
  branch = "master"
  name = "github.com/kardianos/osext"
  packages = ["."]
  revision = "ae77be60afb1dcacde03767a8c37337fad28ac14"

[[projects]]
  name = "github.com/mattn/go-colorable"
  packages = ["."]
  revision = "167de6bfdfba052fa6b2d3664c8f5272e23c9072"
  version = "v0.0.9"

[[projects]]
  name = "github.com/mattn/go-isatty"
  packages = ["."]
  revision = "0360b2af4f38e8d38c7fce2a9f4e702702d73a39"
  version = "v0.0.3"

[[projects]]
  branch = "master"
  name = "golang.org/x/sys"
  packages = ["unix"]
  revision = "dd9ec17814d5b1de388ebe438ec013d57d8b3779"

[[projects]]
  branch = "v2"
  name = "gopkg.in/yaml.v2"
  packages = ["."]
  revision = "d670f9405373e636a5a2765eea47fac0c9bc91a4"

[solve-meta]
  analyzer-name = "dep"
  analyzer-version = 1
  inputs-digest = "e5a06283efb99bfa8353b70ba207b834a17a18b13dc96a49665231812294b156"
  solver-name = "gps-cdcl"
  solver-version = 1
