# This file is autogenerated, do not edit; changes may be undone by the next 'dep ensure'.


[[projects]]
  name = "github.com/Skarlso/go-furnace"
  packages = ["handle"]
  revision = "56b81b45acf0bfee715a2b44990b82cd8a075c07"
  version = "v2.2.1"

[[projects]]
  branch = "master"
  name = "github.com/Skarlso/yogsothoth"
  packages = ["yogsot"]
  revision = "6599c9c2d3a96c0c1acfe6adfece763fb5535434"

[[projects]]
  name = "github.com/Yitsushi/go-commander"
  packages = ["."]
  revision = "2c1c80f256f8e0b7f09faef38530f80ebb958ee7"
  version = "2.3.1"

[[projects]]
  name = "github.com/digitalocean/godo"
  packages = ["."]
  revision = "6a6ce62154ba780ecbb97bbbb13a4e9e0b157070"
  version = "v1.4.2"

[[projects]]
  name = "github.com/go-furnace/go-furnace"
  packages = ["config","handle"]
  revision = "56b81b45acf0bfee715a2b44990b82cd8a075c07"
  version = "v2.2.1"

[[projects]]
  name = "github.com/golang/protobuf"
  packages = ["proto"]
  revision = "aa810b61a9c79d51363740d207bb46cf8e620ed5"
  version = "v1.2.0"

[[projects]]
  name = "github.com/google/go-querystring"
  packages = ["query"]
  revision = "44c6ddd0a2342c386950e880b658017258da92fc"
  version = "v1.0.0"

[[projects]]
  branch = "master"
  name = "github.com/kardianos/osext"
  packages = ["."]
  revision = "ae77be60afb1dcacde03767a8c37337fad28ac14"

[[projects]]
  branch = "master"
  name = "github.com/tent/http-link-go"
  packages = ["."]
  revision = "ac974c61c2f990f4115b119354b5e0b47550e888"

[[projects]]
  branch = "master"
  name = "golang.org/x/net"
  packages = ["context","context/ctxhttp"]
  revision = "26e67e76b6c3f6ce91f7c52def5af501b4e0f3a2"

[[projects]]
  branch = "master"
  name = "golang.org/x/oauth2"
  packages = [".","internal"]
  revision = "d2e6202438beef2727060aa7cabdd924d92ebfd9"

[[projects]]
  name = "google.golang.org/appengine"
  packages = ["internal","internal/base","internal/datastore","internal/log","internal/remote_api","internal/urlfetch","urlfetch"]
  revision = "b1f26356af11148e710935ed1ac8a7f5702c7612"
  version = "v1.1.0"

[[projects]]
  name = "gopkg.in/yaml.v2"
  packages = ["."]
  revision = "5420a8b6744d3b0345ab293f6fcba19c978f1183"
  version = "v2.2.1"

[solve-meta]
  analyzer-name = "dep"
  analyzer-version = 1
  inputs-digest = "a409d7b814c3ab7fcd3dd2e6ce44833cb04a04979a1b0ab3b4403047145c5be0"
  solver-name = "gps-cdcl"
  solver-version = 1
